
Microsoft Visual Studio Solution File, Format Version 12.00
# Visual Studio Version 16
VisualStudioVersion = 16.0.29009.5
MinimumVisualStudioVersion = 10.0.40219.1
Project("{9A19103F-16F7-4668-BE54-9A1E7A4F7556}") = "JT1078.DotNetty.Core", "JT1078.DotNetty.Core\JT1078.DotNetty.Core.csproj", "{71D35280-24BE-4BF1-AFA4-07DFBC696FA5}"
EndProject
Project("{9A19103F-16F7-4668-BE54-9A1E7A4F7556}") = "JT1078.DotNetty.Tcp", "JT1078.DotNetty.Tcp\JT1078.DotNetty.Tcp.csproj", "{C4B4BBEB-4597-469F-B99A-A9F380DDB8FB}"
EndProject
Project("{9A19103F-16F7-4668-BE54-9A1E7A4F7556}") = "JT1078.DotNetty.TestHosting", "JT1078.DotNetty.TestHosting\JT1078.DotNetty.TestHosting.csproj", "{DCCA6BB7-C2B5-490A-B43F-C28ABEA922D7}"
EndProject
Project("{9A19103F-16F7-4668-BE54-9A1E7A4F7556}") = "JT1078.DotNetty.Udp", "JT1078.DotNetty.Udp\JT1078.DotNetty.Udp.csproj", "{6405D7FA-3B6E-4545-827E-BA13EB5BB268}"
EndProject
Project("{2150E333-8FDC-42A3-9474-1A3956D46DE8}") = "Tests", "Tests", "{1C26DF6A-2978-46B7-B921-BB7776CC6EE8}"
EndProject
Project("{FAE04EC0-301F-11D3-BF4B-00C04F79EFBC}") = "JT1078.DotNetty.WebSocket", "JT1078.DotNetty.WebSocket\JT1078.DotNetty.WebSocket.csproj", "{55181194-5AED-4C4B-8501-C8A17A3587B1}"
EndProject
Global
	GlobalSection(SolutionConfigurationPlatforms) = preSolution
		Debug|Any CPU = Debug|Any CPU
		Release|Any CPU = Release|Any CPU
	EndGlobalSection
	GlobalSection(ProjectConfigurationPlatforms) = postSolution
		{71D35280-24BE-4BF1-AFA4-07DFBC696FA5}.Debug|Any CPU.ActiveCfg = Debug|Any CPU
		{71D35280-24BE-4BF1-AFA4-07DFBC696FA5}.Debug|Any CPU.Build.0 = Debug|Any CPU
		{71D35280-24BE-4BF1-AFA4-07DFBC696FA5}.Release|Any CPU.ActiveCfg = Release|Any CPU
		{71D35280-24BE-4BF1-AFA4-07DFBC696FA5}.Release|Any CPU.Build.0 = Release|Any CPU
		{C4B4BBEB-4597-469F-B99A-A9F380DDB8FB}.Debug|Any CPU.ActiveCfg = Debug|Any CPU
		{C4B4BBEB-4597-469F-B99A-A9F380DDB8FB}.Debug|Any CPU.Build.0 = Debug|Any CPU
		{C4B4BBEB-4597-469F-B99A-A9F380DDB8FB}.Release|Any CPU.ActiveCfg = Release|Any CPU
		{C4B4BBEB-4597-469F-B99A-A9F380DDB8FB}.Release|Any CPU.Build.0 = Release|Any CPU
		{DCCA6BB7-C2B5-490A-B43F-C28ABEA922D7}.Debug|Any CPU.ActiveCfg = Debug|Any CPU
		{DCCA6BB7-C2B5-490A-B43F-C28ABEA922D7}.Debug|Any CPU.Build.0 = Debug|Any CPU
		{DCCA6BB7-C2B5-490A-B43F-C28ABEA922D7}.Release|Any CPU.ActiveCfg = Release|Any CPU
		{DCCA6BB7-C2B5-490A-B43F-C28ABEA922D7}.Release|Any CPU.Build.0 = Release|Any CPU
		{6405D7FA-3B6E-4545-827E-BA13EB5BB268}.Debug|Any CPU.ActiveCfg = Debug|Any CPU
		{6405D7FA-3B6E-4545-827E-BA13EB5BB268}.Debug|Any CPU.Build.0 = Debug|Any CPU
		{6405D7FA-3B6E-4545-827E-BA13EB5BB268}.Release|Any CPU.ActiveCfg = Release|Any CPU
		{6405D7FA-3B6E-4545-827E-BA13EB5BB268}.Release|Any CPU.Build.0 = Release|Any CPU
		{55181194-5AED-4C4B-8501-C8A17A3587B1}.Debug|Any CPU.ActiveCfg = Debug|Any CPU
		{55181194-5AED-4C4B-8501-C8A17A3587B1}.Debug|Any CPU.Build.0 = Debug|Any CPU
		{55181194-5AED-4C4B-8501-C8A17A3587B1}.Release|Any CPU.ActiveCfg = Release|Any CPU
		{55181194-5AED-4C4B-8501-C8A17A3587B1}.Release|Any CPU.Build.0 = Release|Any CPU
	EndGlobalSection
	GlobalSection(SolutionProperties) = preSolution
		HideSolutionNode = FALSE
	EndGlobalSection
	GlobalSection(NestedProjects) = preSolution
		{DCCA6BB7-C2B5-490A-B43F-C28ABEA922D7} = {1C26DF6A-2978-46B7-B921-BB7776CC6EE8}
	EndGlobalSection
	GlobalSection(ExtensibilityGlobals) = postSolution
		SolutionGuid = {07ED058A-2CEB-43FD-8478-7EEC7E56F868}
	EndGlobalSection
EndGlobal
